// !$*UTF8*$!
{
	archiveVersion = 1;
	classes = {
	};
	objectVersion = 50;
	objects = {

/* Begin PBXBuildFile section */
		002A820320CAB58200465308 /* AppDelegate.swift in Sources */ = {isa = PBXBuildFile; fileRef = 002A820220CAB58200465308 /* AppDelegate.swift */; };
		002A820520CAB58200465308 /* WeatherViewController.swift in Sources */ = {isa = PBXBuildFile; fileRef = 002A820420CAB58200465308 /* WeatherViewController.swift */; };
		002A820820CAB58200465308 /* Main.storyboard in Resources */ = {isa = PBXBuildFile; fileRef = 002A820620CAB58200465308 /* Main.storyboard */; };
		002A820A20CAB58400465308 /* Assets.xcassets in Resources */ = {isa = PBXBuildFile; fileRef = 002A820920CAB58400465308 /* Assets.xcassets */; };
		002A820D20CAB58400465308 /* LaunchScreen.storyboard in Resources */ = {isa = PBXBuildFile; fileRef = 002A820B20CAB58400465308 /* LaunchScreen.storyboard */; };
		002A822320CAB58400465308 /* WeatherAppUITests.swift in Sources */ = {isa = PBXBuildFile; fileRef = 002A822220CAB58400465308 /* WeatherAppUITests.swift */; };
		002A823320CAC74E00465308 /* DataFetcher.swift in Sources */ = {isa = PBXBuildFile; fileRef = 002A823220CAC74E00465308 /* DataFetcher.swift */; };
		002A823520CAC76D00465308 /* Const.swift in Sources */ = {isa = PBXBuildFile; fileRef = 002A823420CAC76D00465308 /* Const.swift */; };
		002A823720CADEF800465308 /* WeatherModel.swift in Sources */ = {isa = PBXBuildFile; fileRef = 002A823620CADEF800465308 /* WeatherModel.swift */; };
		002A823B20CB1E4D00465308 /* Reachability.swift in Sources */ = {isa = PBXBuildFile; fileRef = 002A823A20CB1E4D00465308 /* Reachability.swift */; };
		002A823D20CBB1DA00465308 /* DBProvider.swift in Sources */ = {isa = PBXBuildFile; fileRef = 002A823C20CBB1DA00465308 /* DBProvider.swift */; };
		002A823F20CD670A00465308 /* Converter.swift in Sources */ = {isa = PBXBuildFile; fileRef = 002A823E20CD670A00465308 /* Converter.swift */; };
		0076B6B820CDB9E9006CAEB6 /* WeatherViewControllerTests.swift in Sources */ = {isa = PBXBuildFile; fileRef = 0076B6B720CDB9E9006CAEB6 /* WeatherViewControllerTests.swift */; };
		642973E801B4AEFF81B92CA9 /* Pods_WeatherAppTests.framework in Frameworks */ = {isa = PBXBuildFile; fileRef = CC64E7E7399DFFF16E1E6127 /* Pods_WeatherAppTests.framework */; };
		B206B2EFEB160045D9705195 /* Pods_WeatherApp.framework in Frameworks */ = {isa = PBXBuildFile; fileRef = 7A45548AC18A71591AB590A1 /* Pods_WeatherApp.framework */; };
		F6EBB9EA5627D28B17074ABF /* Pods_WeatherAppUITests.framework in Frameworks */ = {isa = PBXBuildFile; fileRef = C740E13F1CE816F9E65E1203 /* Pods_WeatherAppUITests.framework */; };
/* End PBXBuildFile section */

/* Begin PBXContainerItemProxy section */
		002A821420CAB58400465308 /* PBXContainerItemProxy */ = {
			isa = PBXContainerItemProxy;
			containerPortal = 002A81F720CAB58200465308 /* Project object */;
			proxyType = 1;
			remoteGlobalIDString = 002A81FE20CAB58200465308;
			remoteInfo = WeatherApp;
		};
		002A821F20CAB58400465308 /* PBXContainerItemProxy */ = {
			isa = PBXContainerItemProxy;
			containerPortal = 002A81F720CAB58200465308 /* Project object */;
			proxyType = 1;
			remoteGlobalIDString = 002A81FE20CAB58200465308;
			remoteInfo = WeatherApp;
		};
/* End PBXContainerItemProxy section */

/* Begin PBXFileReference section */
		002A81FF20CAB58200465308 /* WeatherApp.app */ = {isa = PBXFileReference; explicitFileType = wrapper.application; includeInIndex = 0; path = WeatherApp.app; sourceTree = BUILT_PRODUCTS_DIR; };
		002A820220CAB58200465308 /* AppDelegate.swift */ = {isa = PBXFileReference; lastKnownFileType = sourcecode.swift; path = AppDelegate.swift; sourceTree = "<group>"; };
		002A820420CAB58200465308 /* WeatherViewController.swift */ = {isa = PBXFileReference; lastKnownFileType = sourcecode.swift; path = WeatherViewController.swift; sourceTree = "<group>"; };
		002A820720CAB58200465308 /* Base */ = {isa = PBXFileReference; lastKnownFileType = file.storyboard; name = Base; path = Base.lproj/Main.storyboard; sourceTree = "<group>"; };
		002A820920CAB58400465308 /* Assets.xcassets */ = {isa = PBXFileReference; lastKnownFileType = folder.assetcatalog; path = Assets.xcassets; sourceTree = "<group>"; };
		002A820C20CAB58400465308 /* Base */ = {isa = PBXFileReference; lastKnownFileType = file.storyboard; name = Base; path = Base.lproj/LaunchScreen.storyboard; sourceTree = "<group>"; };
		002A820E20CAB58400465308 /* Info.plist */ = {isa = PBXFileReference; lastKnownFileType = text.plist.xml; path = Info.plist; sourceTree = "<group>"; };
		002A821320CAB58400465308 /* WeatherAppTests.xctest */ = {isa = PBXFileReference; explicitFileType = wrapper.cfbundle; includeInIndex = 0; path = WeatherAppTests.xctest; sourceTree = BUILT_PRODUCTS_DIR; };
		002A821920CAB58400465308 /* Info.plist */ = {isa = PBXFileReference; lastKnownFileType = text.plist.xml; path = Info.plist; sourceTree = "<group>"; };
		002A821E20CAB58400465308 /* WeatherAppUITests.xctest */ = {isa = PBXFileReference; explicitFileType = wrapper.cfbundle; includeInIndex = 0; path = WeatherAppUITests.xctest; sourceTree = BUILT_PRODUCTS_DIR; };
		002A822220CAB58400465308 /* WeatherAppUITests.swift */ = {isa = PBXFileReference; lastKnownFileType = sourcecode.swift; path = WeatherAppUITests.swift; sourceTree = "<group>"; };
		002A822420CAB58400465308 /* Info.plist */ = {isa = PBXFileReference; lastKnownFileType = text.plist.xml; path = Info.plist; sourceTree = "<group>"; };
		002A823220CAC74E00465308 /* DataFetcher.swift */ = {isa = PBXFileReference; lastKnownFileType = sourcecode.swift; path = DataFetcher.swift; sourceTree = "<group>"; };
		002A823420CAC76D00465308 /* Const.swift */ = {isa = PBXFileReference; lastKnownFileType = sourcecode.swift; path = Const.swift; sourceTree = "<group>"; };
		002A823620CADEF800465308 /* WeatherModel.swift */ = {isa = PBXFileReference; lastKnownFileType = sourcecode.swift; path = WeatherModel.swift; sourceTree = "<group>"; };
		002A823A20CB1E4D00465308 /* Reachability.swift */ = {isa = PBXFileReference; lastKnownFileType = sourcecode.swift; path = Reachability.swift; sourceTree = "<group>"; };
		002A823C20CBB1DA00465308 /* DBProvider.swift */ = {isa = PBXFileReference; lastKnownFileType = sourcecode.swift; path = DBProvider.swift; sourceTree = "<group>"; };
		002A823E20CD670A00465308 /* Converter.swift */ = {isa = PBXFileReference; lastKnownFileType = sourcecode.swift; path = Converter.swift; sourceTree = "<group>"; };
		0076B6B720CDB9E9006CAEB6 /* WeatherViewControllerTests.swift */ = {isa = PBXFileReference; lastKnownFileType = sourcecode.swift; path = WeatherViewControllerTests.swift; sourceTree = "<group>"; };
		3FB5E42D7DFB3A6CC9DE0B80 /* Pods-WeatherAppUITests.release.xcconfig */ = {isa = PBXFileReference; includeInIndex = 1; lastKnownFileType = text.xcconfig; name = "Pods-WeatherAppUITests.release.xcconfig"; path = "Pods/Target Support Files/Pods-WeatherAppUITests/Pods-WeatherAppUITests.release.xcconfig"; sourceTree = "<group>"; };
		512FDD5A84C81803DA0A6D65 /* Pods-WeatherApp.release.xcconfig */ = {isa = PBXFileReference; includeInIndex = 1; lastKnownFileType = text.xcconfig; name = "Pods-WeatherApp.release.xcconfig"; path = "Pods/Target Support Files/Pods-WeatherApp/Pods-WeatherApp.release.xcconfig"; sourceTree = "<group>"; };
		53F86FD12B486AEA877F111B /* Pods-WeatherAppUITests.debug.xcconfig */ = {isa = PBXFileReference; includeInIndex = 1; lastKnownFileType = text.xcconfig; name = "Pods-WeatherAppUITests.debug.xcconfig"; path = "Pods/Target Support Files/Pods-WeatherAppUITests/Pods-WeatherAppUITests.debug.xcconfig"; sourceTree = "<group>"; };
		6CA55EE6185EB80F5E58EACC /* Pods-WeatherAppTests.debug.xcconfig */ = {isa = PBXFileReference; includeInIndex = 1; lastKnownFileType = text.xcconfig; name = "Pods-WeatherAppTests.debug.xcconfig"; path = "Pods/Target Support Files/Pods-WeatherAppTests/Pods-WeatherAppTests.debug.xcconfig"; sourceTree = "<group>"; };
		7A45548AC18A71591AB590A1 /* Pods_WeatherApp.framework */ = {isa = PBXFileReference; explicitFileType = wrapper.framework; includeInIndex = 0; path = Pods_WeatherApp.framework; sourceTree = BUILT_PRODUCTS_DIR; };
		A871D3D8A784C19F0290E087 /* Pods-WeatherApp.debug.xcconfig */ = {isa = PBXFileReference; includeInIndex = 1; lastKnownFileType = text.xcconfig; name = "Pods-WeatherApp.debug.xcconfig"; path = "Pods/Target Support Files/Pods-WeatherApp/Pods-WeatherApp.debug.xcconfig"; sourceTree = "<group>"; };
		BBEBD99BB0F261D2A18D827D /* Pods-WeatherAppTests.release.xcconfig */ = {isa = PBXFileReference; includeInIndex = 1; lastKnownFileType = text.xcconfig; name = "Pods-WeatherAppTests.release.xcconfig"; path = "Pods/Target Support Files/Pods-WeatherAppTests/Pods-WeatherAppTests.release.xcconfig"; sourceTree = "<group>"; };
		C740E13F1CE816F9E65E1203 /* Pods_WeatherAppUITests.framework */ = {isa = PBXFileReference; explicitFileType = wrapper.framework; includeInIndex = 0; path = Pods_WeatherAppUITests.framework; sourceTree = BUILT_PRODUCTS_DIR; };
		CC64E7E7399DFFF16E1E6127 /* Pods_WeatherAppTests.framework */ = {isa = PBXFileReference; explicitFileType = wrapper.framework; includeInIndex = 0; path = Pods_WeatherAppTests.framework; sourceTree = BUILT_PRODUCTS_DIR; };
/* End PBXFileReference section */

/* Begin PBXFrameworksBuildPhase section */
		002A81FC20CAB58200465308 /* Frameworks */ = {
			isa = PBXFrameworksBuildPhase;
			buildActionMask = 2147483647;
			files = (
				B206B2EFEB160045D9705195 /* Pods_WeatherApp.framework in Frameworks */,
			);
			runOnlyForDeploymentPostprocessing = 0;
		};
		002A821020CAB58400465308 /* Frameworks */ = {
			isa = PBXFrameworksBuildPhase;
			buildActionMask = 2147483647;
			files = (
				642973E801B4AEFF81B92CA9 /* Pods_WeatherAppTests.framework in Frameworks */,
			);
			runOnlyForDeploymentPostprocessing = 0;
		};
		002A821B20CAB58400465308 /* Frameworks */ = {
			isa = PBXFrameworksBuildPhase;
			buildActionMask = 2147483647;
			files = (
				F6EBB9EA5627D28B17074ABF /* Pods_WeatherAppUITests.framework in Frameworks */,
			);
			runOnlyForDeploymentPostprocessing = 0;
		};
/* End PBXFrameworksBuildPhase section */

/* Begin PBXGroup section */
		002A81F620CAB58200465308 = {
			isa = PBXGroup;
			children = (
				002A820120CAB58200465308 /* WeatherApp */,
				002A821620CAB58400465308 /* WeatherAppTests */,
				002A822120CAB58400465308 /* WeatherAppUITests */,
				002A820020CAB58200465308 /* Products */,
				D377B6CC4E74905C6CA229EC /* Pods */,
				2ADCC9150AB83A53C0564628 /* Frameworks */,
			);
			sourceTree = "<group>";
		};
		002A820020CAB58200465308 /* Products */ = {
			isa = PBXGroup;
			children = (
				002A81FF20CAB58200465308 /* WeatherApp.app */,
				002A821320CAB58400465308 /* WeatherAppTests.xctest */,
				002A821E20CAB58400465308 /* WeatherAppUITests.xctest */,
			);
			name = Products;
			sourceTree = "<group>";
		};
		002A820120CAB58200465308 /* WeatherApp */ = {
			isa = PBXGroup;
			children = (
				002A823420CAC76D00465308 /* Const.swift */,
				002A820220CAB58200465308 /* AppDelegate.swift */,
				002A823620CADEF800465308 /* WeatherModel.swift */,
				002A820420CAB58200465308 /* WeatherViewController.swift */,
				002A820620CAB58200465308 /* Main.storyboard */,
				002A820920CAB58400465308 /* Assets.xcassets */,
				002A820B20CAB58400465308 /* LaunchScreen.storyboard */,
				002A820E20CAB58400465308 /* Info.plist */,
				002A823A20CB1E4D00465308 /* Reachability.swift */,
				002A823220CAC74E00465308 /* DataFetcher.swift */,
				002A823C20CBB1DA00465308 /* DBProvider.swift */,
				002A823E20CD670A00465308 /* Converter.swift */,
			);
			path = WeatherApp;
			sourceTree = "<group>";
		};
		002A821620CAB58400465308 /* WeatherAppTests */ = {
			isa = PBXGroup;
			children = (
				002A821920CAB58400465308 /* Info.plist */,
				0076B6B720CDB9E9006CAEB6 /* WeatherViewControllerTests.swift */,
			);
			path = WeatherAppTests;
			sourceTree = "<group>";
		};
		002A822120CAB58400465308 /* WeatherAppUITests */ = {
			isa = PBXGroup;
			children = (
				002A822220CAB58400465308 /* WeatherAppUITests.swift */,
				002A822420CAB58400465308 /* Info.plist */,
			);
			path = WeatherAppUITests;
			sourceTree = "<group>";
		};
		2ADCC9150AB83A53C0564628 /* Frameworks */ = {
			isa = PBXGroup;
			children = (
				7A45548AC18A71591AB590A1 /* Pods_WeatherApp.framework */,
				CC64E7E7399DFFF16E1E6127 /* Pods_WeatherAppTests.framework */,
				C740E13F1CE816F9E65E1203 /* Pods_WeatherAppUITests.framework */,
			);
			name = Frameworks;
			sourceTree = "<group>";
		};
		D377B6CC4E74905C6CA229EC /* Pods */ = {
			isa = PBXGroup;
			children = (
				A871D3D8A784C19F0290E087 /* Pods-WeatherApp.debug.xcconfig */,
				512FDD5A84C81803DA0A6D65 /* Pods-WeatherApp.release.xcconfig */,
				6CA55EE6185EB80F5E58EACC /* Pods-WeatherAppTests.debug.xcconfig */,
				BBEBD99BB0F261D2A18D827D /* Pods-WeatherAppTests.release.xcconfig */,
				53F86FD12B486AEA877F111B /* Pods-WeatherAppUITests.debug.xcconfig */,
				3FB5E42D7DFB3A6CC9DE0B80 /* Pods-WeatherAppUITests.release.xcconfig */,
			);
			name = Pods;
			sourceTree = "<group>";
		};
/* End PBXGroup section */

/* Begin PBXNativeTarget section */
		002A81FE20CAB58200465308 /* WeatherApp */ = {
			isa = PBXNativeTarget;
			buildConfigurationList = 002A822720CAB58400465308 /* Build configuration list for PBXNativeTarget "WeatherApp" */;
			buildPhases = (
				60B9554C33B09895902083F9 /* [CP] Check Pods Manifest.lock */,
				002A81FB20CAB58200465308 /* Sources */,
				002A81FC20CAB58200465308 /* Frameworks */,
				002A81FD20CAB58200465308 /* Resources */,
				D8C2E4BD3BE947F172268DA4 /* [CP] Embed Pods Frameworks */,
			);
			buildRules = (
			);
			dependencies = (
			);
			name = WeatherApp;
			productName = WeatherApp;
			productReference = 002A81FF20CAB58200465308 /* WeatherApp.app */;
			productType = "com.apple.product-type.application";
		};
		002A821220CAB58400465308 /* WeatherAppTests */ = {
			isa = PBXNativeTarget;
			buildConfigurationList = 002A822A20CAB58400465308 /* Build configuration list for PBXNativeTarget "WeatherAppTests" */;
			buildPhases = (
				0E922206851F281DFDB4091F /* [CP] Check Pods Manifest.lock */,
				002A820F20CAB58400465308 /* Sources */,
				002A821020CAB58400465308 /* Frameworks */,
				002A821120CAB58400465308 /* Resources */,
			);
			buildRules = (
			);
			dependencies = (
				002A821520CAB58400465308 /* PBXTargetDependency */,
			);
			name = WeatherAppTests;
			productName = WeatherAppTests;
			productReference = 002A821320CAB58400465308 /* WeatherAppTests.xctest */;
			productType = "com.apple.product-type.bundle.unit-test";
		};
		002A821D20CAB58400465308 /* WeatherAppUITests */ = {
			isa = PBXNativeTarget;
			buildConfigurationList = 002A822D20CAB58400465308 /* Build configuration list for PBXNativeTarget "WeatherAppUITests" */;
			buildPhases = (
				AD24BBA06052F19194A27AF7 /* [CP] Check Pods Manifest.lock */,
				002A821A20CAB58400465308 /* Sources */,
				002A821B20CAB58400465308 /* Frameworks */,
				002A821C20CAB58400465308 /* Resources */,
			);
			buildRules = (
			);
			dependencies = (
				002A822020CAB58400465308 /* PBXTargetDependency */,
			);
			name = WeatherAppUITests;
			productName = WeatherAppUITests;
			productReference = 002A821E20CAB58400465308 /* WeatherAppUITests.xctest */;
			productType = "com.apple.product-type.bundle.ui-testing";
		};
/* End PBXNativeTarget section */

/* Begin PBXProject section */
		002A81F720CAB58200465308 /* Project object */ = {
			isa = PBXProject;
			attributes = {
				LastSwiftUpdateCheck = 0940;
				LastUpgradeCheck = 0940;
				ORGANIZATIONNAME = "Sandpiper Software";
				TargetAttributes = {
					002A81FE20CAB58200465308 = {
						CreatedOnToolsVersion = 9.4;
					};
					002A821220CAB58400465308 = {
						CreatedOnToolsVersion = 9.4;
						TestTargetID = 002A81FE20CAB58200465308;
					};
					002A821D20CAB58400465308 = {
						CreatedOnToolsVersion = 9.4;
						TestTargetID = 002A81FE20CAB58200465308;
					};
				};
			};
			buildConfigurationList = 002A81FA20CAB58200465308 /* Build configuration list for PBXProject "WeatherApp" */;
			compatibilityVersion = "Xcode 9.3";
			developmentRegion = en;
			hasScannedForEncodings = 0;
			knownRegions = (
				en,
				Base,
			);
			mainGroup = 002A81F620CAB58200465308;
			productRefGroup = 002A820020CAB58200465308 /* Products */;
			projectDirPath = "";
			projectRoot = "";
			targets = (
				002A81FE20CAB58200465308 /* WeatherApp */,
				002A821220CAB58400465308 /* WeatherAppTests */,
				002A821D20CAB58400465308 /* WeatherAppUITests */,
			);
		};
/* End PBXProject section */

/* Begin PBXResourcesBuildPhase section */
		002A81FD20CAB58200465308 /* Resources */ = {
			isa = PBXResourcesBuildPhase;
			buildActionMask = 2147483647;
			files = (
				002A820D20CAB58400465308 /* LaunchScreen.storyboard in Resources */,
				002A820A20CAB58400465308 /* Assets.xcassets in Resources */,
				002A820820CAB58200465308 /* Main.storyboard in Resources */,
			);
			runOnlyForDeploymentPostprocessing = 0;
		};
		002A821120CAB58400465308 /* Resources */ = {
			isa = PBXResourcesBuildPhase;
			buildActionMask = 2147483647;
			files = (
			);
			runOnlyForDeploymentPostprocessing = 0;
		};
		002A821C20CAB58400465308 /* Resources */ = {
			isa = PBXResourcesBuildPhase;
			buildActionMask = 2147483647;
			files = (
			);
			runOnlyForDeploymentPostprocessing = 0;
		};
/* End PBXResourcesBuildPhase section */

/* Begin PBXShellScriptBuildPhase section */
		0E922206851F281DFDB4091F /* [CP] Check Pods Manifest.lock */ = {
			isa = PBXShellScriptBuildPhase;
			buildActionMask = 2147483647;
			files = (
			);
			inputPaths = (
				"${PODS_PODFILE_DIR_PATH}/Podfile.lock",
				"${PODS_ROOT}/Manifest.lock",
			);
			name = "[CP] Check Pods Manifest.lock";
			outputPaths = (
				"$(DERIVED_FILE_DIR)/Pods-WeatherAppTests-checkManifestLockResult.txt",
			);
			runOnlyForDeploymentPostprocessing = 0;
			shellPath = /bin/sh;
			shellScript = "diff \"${PODS_PODFILE_DIR_PATH}/Podfile.lock\" \"${PODS_ROOT}/Manifest.lock\" > /dev/null\nif [ $? != 0 ] ; then\n    # print error to STDERR\n    echo \"error: The sandbox is not in sync with the Podfile.lock. Run 'pod install' or update your CocoaPods installation.\" >&2\n    exit 1\nfi\n# This output is used by Xcode 'outputs' to avoid re-running this script phase.\necho \"SUCCESS\" > \"${SCRIPT_OUTPUT_FILE_0}\"\n";
			showEnvVarsInLog = 0;
		};
		60B9554C33B09895902083F9 /* [CP] Check Pods Manifest.lock */ = {
			isa = PBXShellScriptBuildPhase;
			buildActionMask = 2147483647;
			files = (
			);
			inputPaths = (
				"${PODS_PODFILE_DIR_PATH}/Podfile.lock",
				"${PODS_ROOT}/Manifest.lock",
			);
			name = "[CP] Check Pods Manifest.lock";
			outputPaths = (
				"$(DERIVED_FILE_DIR)/Pods-WeatherApp-checkManifestLockResult.txt",
			);
			runOnlyForDeploymentPostprocessing = 0;
			shellPath = /bin/sh;
			shellScript = "diff \"${PODS_PODFILE_DIR_PATH}/Podfile.lock\" \"${PODS_ROOT}/Manifest.lock\" > /dev/null\nif [ $? != 0 ] ; then\n    # print error to STDERR\n    echo \"error: The sandbox is not in sync with the Podfile.lock. Run 'pod install' or update your CocoaPods installation.\" >&2\n    exit 1\nfi\n# This output is used by Xcode 'outputs' to avoid re-running this script phase.\necho \"SUCCESS\" > \"${SCRIPT_OUTPUT_FILE_0}\"\n";
			showEnvVarsInLog = 0;
		};
		AD24BBA06052F19194A27AF7 /* [CP] Check Pods Manifest.lock */ = {
			isa = PBXShellScriptBuildPhase;
			buildActionMask = 2147483647;
			files = (
			);
			inputPaths = (
				"${PODS_PODFILE_DIR_PATH}/Podfile.lock",
				"${PODS_ROOT}/Manifest.lock",
			);
			name = "[CP] Check Pods Manifest.lock";
			outputPaths = (
				"$(DERIVED_FILE_DIR)/Pods-WeatherAppUITests-checkManifestLockResult.txt",
			);
			runOnlyForDeploymentPostprocessing = 0;
			shellPath = /bin/sh;
			shellScript = "diff \"${PODS_PODFILE_DIR_PATH}/Podfile.lock\" \"${PODS_ROOT}/Manifest.lock\" > /dev/null\nif [ $? != 0 ] ; then\n    # print error to STDERR\n    echo \"error: The sandbox is not in sync with the Podfile.lock. Run 'pod install' or update your CocoaPods installation.\" >&2\n    exit 1\nfi\n# This output is used by Xcode 'outputs' to avoid re-running this script phase.\necho \"SUCCESS\" > \"${SCRIPT_OUTPUT_FILE_0}\"\n";
			showEnvVarsInLog = 0;
		};
		D8C2E4BD3BE947F172268DA4 /* [CP] Embed Pods Frameworks */ = {
			isa = PBXShellScriptBuildPhase;
			buildActionMask = 2147483647;
			files = (
			);
			inputPaths = (
				"${SRCROOT}/Pods/Target Support Files/Pods-WeatherApp/Pods-WeatherApp-frameworks.sh",
				"${BUILT_PRODUCTS_DIR}/Alamofire/Alamofire.framework",
				"${BUILT_PRODUCTS_DIR}/Realm/Realm.framework",
				"${BUILT_PRODUCTS_DIR}/RealmSwift/RealmSwift.framework",
				"${BUILT_PRODUCTS_DIR}/SwiftyJSON/SwiftyJSON.framework",
			);
			name = "[CP] Embed Pods Frameworks";
			outputPaths = (
				"${TARGET_BUILD_DIR}/${FRAMEWORKS_FOLDER_PATH}/Alamofire.framework",
				"${TARGET_BUILD_DIR}/${FRAMEWORKS_FOLDER_PATH}/Realm.framework",
				"${TARGET_BUILD_DIR}/${FRAMEWORKS_FOLDER_PATH}/RealmSwift.framework",
				"${TARGET_BUILD_DIR}/${FRAMEWORKS_FOLDER_PATH}/SwiftyJSON.framework",
			);
			runOnlyForDeploymentPostprocessing = 0;
			shellPath = /bin/sh;
			shellScript = "\"${SRCROOT}/Pods/Target Support Files/Pods-WeatherApp/Pods-WeatherApp-frameworks.sh\"\n";
			showEnvVarsInLog = 0;
		};
/* End PBXShellScriptBuildPhase section */

/* Begin PBXSourcesBuildPhase section */
		002A81FB20CAB58200465308 /* Sources */ = {
			isa = PBXSourcesBuildPhase;
			buildActionMask = 2147483647;
			files = (
				002A823320CAC74E00465308 /* DataFetcher.swift in Sources */,
				002A823520CAC76D00465308 /* Const.swift in Sources */,
				002A823B20CB1E4D00465308 /* Reachability.swift in Sources */,
				002A823D20CBB1DA00465308 /* DBProvider.swift in Sources */,
				002A820520CAB58200465308 /* WeatherViewController.swift in Sources */,
				002A820320CAB58200465308 /* AppDelegate.swift in Sources */,
				002A823720CADEF800465308 /* WeatherModel.swift in Sources */,
				002A823F20CD670A00465308 /* Converter.swift in Sources */,
			);
			runOnlyForDeploymentPostprocessing = 0;
		};
		002A820F20CAB58400465308 /* Sources */ = {
			isa = PBXSourcesBuildPhase;
			buildActionMask = 2147483647;
			files = (
				0076B6B820CDB9E9006CAEB6 /* WeatherViewControllerTests.swift in Sources */,
			);
			runOnlyForDeploymentPostprocessing = 0;
		};
		002A821A20CAB58400465308 /* Sources */ = {
			isa = PBXSourcesBuildPhase;
			buildActionMask = 2147483647;
			files = (
				002A822320CAB58400465308 /* WeatherAppUITests.swift in Sources */,
			);
			runOnlyForDeploymentPostprocessing = 0;
		};
/* End PBXSourcesBuildPhase section */

/* Begin PBXTargetDependency section */
		002A821520CAB58400465308 /* PBXTargetDependency */ = {
			isa = PBXTargetDependency;
			target = 002A81FE20CAB58200465308 /* WeatherApp */;
			targetProxy = 002A821420CAB58400465308 /* PBXContainerItemProxy */;
		};
		002A822020CAB58400465308 /* PBXTargetDependency */ = {
			isa = PBXTargetDependency;
			target = 002A81FE20CAB58200465308 /* WeatherApp */;
			targetProxy = 002A821F20CAB58400465308 /* PBXContainerItemProxy */;
		};
/* End PBXTargetDependency section */

/* Begin PBXVariantGroup section */
		002A820620CAB58200465308 /* Main.storyboard */ = {
			isa = PBXVariantGroup;
			children = (
				002A820720CAB58200465308 /* Base */,
			);
			name = Main.storyboard;
			sourceTree = "<group>";
		};
		002A820B20CAB58400465308 /* LaunchScreen.storyboard */ = {
			isa = PBXVariantGroup;
			children = (
				002A820C20CAB58400465308 /* Base */,
			);
			name = LaunchScreen.storyboard;
			sourceTree = "<group>";
		};
/* End PBXVariantGroup section */

/* Begin XCBuildConfiguration section */
		002A822520CAB58400465308 /* Debug */ = {
			isa = XCBuildConfiguration;
			buildSettings = {
				ALWAYS_SEARCH_USER_PATHS = NO;
				CLANG_ANALYZER_NONNULL = YES;
				CLANG_ANALYZER_NUMBER_OBJECT_CONVERSION = YES_AGGRESSIVE;
				CLANG_CXX_LANGUAGE_STANDARD = "gnu++14";
				CLANG_CXX_LIBRARY = "libc++";
				CLANG_ENABLE_MODULES = YES;
				CLANG_ENABLE_OBJC_ARC = YES;
				CLANG_ENABLE_OBJC_WEAK = YES;
				CLANG_WARN_BLOCK_CAPTURE_AUTORELEASING = YES;
				CLANG_WARN_BOOL_CONVERSION = YES;
				CLANG_WARN_COMMA = YES;
				CLANG_WARN_CONSTANT_CONVERSION = YES;
				CLANG_WARN_DEPRECATED_OBJC_IMPLEMENTATIONS = YES;
				CLANG_WARN_DIRECT_OBJC_ISA_USAGE = YES_ERROR;
				CLANG_WARN_DOCUMENTATION_COMMENTS = YES;
				CLANG_WARN_EMPTY_BODY = YES;
				CLANG_WARN_ENUM_CONVERSION = YES;
				CLANG_WARN_INFINITE_RECURSION = YES;
				CLANG_WARN_INT_CONVERSION = YES;
				CLANG_WARN_NON_LITERAL_NULL_CONVERSION = YES;
				CLANG_WARN_OBJC_IMPLICIT_RETAIN_SELF = YES;
				CLANG_WARN_OBJC_LITERAL_CONVERSION = YES;
				CLANG_WARN_OBJC_ROOT_CLASS = YES_ERROR;
				CLANG_WARN_RANGE_LOOP_ANALYSIS = YES;
				CLANG_WARN_STRICT_PROTOTYPES = YES;
				CLANG_WARN_SUSPICIOUS_MOVE = YES;
				CLANG_WARN_UNGUARDED_AVAILABILITY = YES_AGGRESSIVE;
				CLANG_WARN_UNREACHABLE_CODE = YES;
				CLANG_WARN__DUPLICATE_METHOD_MATCH = YES;
				CODE_SIGN_IDENTITY = "iPhone Developer";
				COPY_PHASE_STRIP = NO;
				DEBUG_INFORMATION_FORMAT = dwarf;
				ENABLE_STRICT_OBJC_MSGSEND = YES;
				ENABLE_TESTABILITY = YES;
				GCC_C_LANGUAGE_STANDARD = gnu11;
				GCC_DYNAMIC_NO_PIC = NO;
				GCC_NO_COMMON_BLOCKS = YES;
				GCC_OPTIMIZATION_LEVEL = 0;
				GCC_PREPROCESSOR_DEFINITIONS = (
					"DEBUG=1",
					"$(inherited)",
				);
				GCC_WARN_64_TO_32_BIT_CONVERSION = YES;
				GCC_WARN_ABOUT_RETURN_TYPE = YES_ERROR;
				GCC_WARN_UNDECLARED_SELECTOR = YES;
				GCC_WARN_UNINITIALIZED_AUTOS = YES_AGGRESSIVE;
				GCC_WARN_UNUSED_FUNCTION = YES;
				GCC_WARN_UNUSED_VARIABLE = YES;
				IPHONEOS_DEPLOYMENT_TARGET = 11.4;
				MTL_ENABLE_DEBUG_INFO = YES;
				ONLY_ACTIVE_ARCH = YES;
				SDKROOT = iphoneos;
				SWIFT_ACTIVE_COMPILATION_CONDITIONS = DEBUG;
				SWIFT_OPTIMIZATION_LEVEL = "-Onone";
			};
			name = Debug;
		};
		002A822620CAB58400465308 /* Release */ = {
			isa = XCBuildConfiguration;
			buildSettings = {
				ALWAYS_SEARCH_USER_PATHS = NO;
				CLANG_ANALYZER_NONNULL = YES;
				CLANG_ANALYZER_NUMBER_OBJECT_CONVERSION = YES_AGGRESSIVE;
				CLANG_CXX_LANGUAGE_STANDARD = "gnu++14";
				CLANG_CXX_LIBRARY = "libc++";
				CLANG_ENABLE_MODULES = YES;
				CLANG_ENABLE_OBJC_ARC = YES;
				CLANG_ENABLE_OBJC_WEAK = YES;
				CLANG_WARN_BLOCK_CAPTURE_AUTORELEASING = YES;
				CLANG_WARN_BOOL_CONVERSION = YES;
				CLANG_WARN_COMMA = YES;
				CLANG_WARN_CONSTANT_CONVERSION = YES;
				CLANG_WARN_DEPRECATED_OBJC_IMPLEMENTATIONS = YES;
				CLANG_WARN_DIRECT_OBJC_ISA_USAGE = YES_ERROR;
				CLANG_WARN_DOCUMENTATION_COMMENTS = YES;
				CLANG_WARN_EMPTY_BODY = YES;
				CLANG_WARN_ENUM_CONVERSION = YES;
				CLANG_WARN_INFINITE_RECURSION = YES;
				CLANG_WARN_INT_CONVERSION = YES;
				CLANG_WARN_NON_LITERAL_NULL_CONVERSION = YES;
				CLANG_WARN_OBJC_IMPLICIT_RETAIN_SELF = YES;
				CLANG_WARN_OBJC_LITERAL_CONVERSION = YES;
				CLANG_WARN_OBJC_ROOT_CLASS = YES_ERROR;
				CLANG_WARN_RANGE_LOOP_ANALYSIS = YES;
				CLANG_WARN_STRICT_PROTOTYPES = YES;
				CLANG_WARN_SUSPICIOUS_MOVE = YES;
				CLANG_WARN_UNGUARDED_AVAILABILITY = YES_AGGRESSIVE;
				CLANG_WARN_UNREACHABLE_CODE = YES;
				CLANG_WARN__DUPLICATE_METHOD_MATCH = YES;
				CODE_SIGN_IDENTITY = "iPhone Developer";
				COPY_PHASE_STRIP = NO;
				DEBUG_INFORMATION_FORMAT = "dwarf-with-dsym";
				ENABLE_NS_ASSERTIONS = NO;
				ENABLE_STRICT_OBJC_MSGSEND = YES;
				GCC_C_LANGUAGE_STANDARD = gnu11;
				GCC_NO_COMMON_BLOCKS = YES;
				GCC_WARN_64_TO_32_BIT_CONVERSION = YES;
				GCC_WARN_ABOUT_RETURN_TYPE = YES_ERROR;
				GCC_WARN_UNDECLARED_SELECTOR = YES;
				GCC_WARN_UNINITIALIZED_AUTOS = YES_AGGRESSIVE;
				GCC_WARN_UNUSED_FUNCTION = YES;
				GCC_WARN_UNUSED_VARIABLE = YES;
				IPHONEOS_DEPLOYMENT_TARGET = 11.4;
				MTL_ENABLE_DEBUG_INFO = NO;
				SDKROOT = iphoneos;
				SWIFT_COMPILATION_MODE = wholemodule;
				SWIFT_OPTIMIZATION_LEVEL = "-O";
				VALIDATE_PRODUCT = YES;
			};
			name = Release;
		};
		002A822820CAB58400465308 /* Debug */ = {
			isa = XCBuildConfiguration;
			baseConfigurationReference = A871D3D8A784C19F0290E087 /* Pods-WeatherApp.debug.xcconfig */;
			buildSettings = {
				ASSETCATALOG_COMPILER_APPICON_NAME = AppIcon;
				CODE_SIGN_STYLE = Automatic;
				DEFINES_MODULE = YES;
				DEVELOPMENT_TEAM = CUH5EB8LAQ;
				INFOPLIST_FILE = WeatherApp/Info.plist;
				IPHONEOS_DEPLOYMENT_TARGET = 11.4;
				LD_RUNPATH_SEARCH_PATHS = (
					"$(inherited)",
					"@executable_path/Frameworks",
				);
				PRODUCT_BUNDLE_IDENTIFIER = "com.Sandpiper-Software.WeatherApp";
				PRODUCT_NAME = "$(TARGET_NAME)";
				SWIFT_VERSION = 4.0;
				TARGETED_DEVICE_FAMILY = "1,2";
			};
			name = Debug;
		};
		002A822920CAB58400465308 /* Release */ = {
			isa = XCBuildConfiguration;
			baseConfigurationReference = 512FDD5A84C81803DA0A6D65 /* Pods-WeatherApp.release.xcconfig */;
			buildSettings = {
				ASSETCATALOG_COMPILER_APPICON_NAME = AppIcon;
				CODE_SIGN_STYLE = Automatic;
				DEFINES_MODULE = YES;
				DEVELOPMENT_TEAM = CUH5EB8LAQ;
				INFOPLIST_FILE = WeatherApp/Info.plist;
				IPHONEOS_DEPLOYMENT_TARGET = 11.4;
				LD_RUNPATH_SEARCH_PATHS = (
					"$(inherited)",
					"@executable_path/Frameworks",
				);
				PRODUCT_BUNDLE_IDENTIFIER = "com.Sandpiper-Software.WeatherApp";
				PRODUCT_NAME = "$(TARGET_NAME)";
				SWIFT_VERSION = 4.0;
				TARGETED_DEVICE_FAMILY = "1,2";
			};
			name = Release;
		};
		002A822B20CAB58400465308 /* Debug */ = {
			isa = XCBuildConfiguration;
			baseConfigurationReference = 6CA55EE6185EB80F5E58EACC /* Pods-WeatherAppTests.debug.xcconfig */;
			buildSettings = {
				ALWAYS_EMBED_SWIFT_STANDARD_LIBRARIES = YES;
				BUNDLE_LOADER = "$(TEST_HOST)";
				CODE_SIGN_STYLE = Automatic;
				DEVELOPMENT_TEAM = CUH5EB8LAQ;
				INFOPLIST_FILE = WeatherAppTests/Info.plist;
				LD_RUNPATH_SEARCH_PATHS = (
					"$(inherited)",
					"@executable_path/Frameworks",
					"@loader_path/Frameworks",
				);
				PRODUCT_BUNDLE_IDENTIFIER = "com.Sandpiper-Software.WeatherAppTests";
				PRODUCT_NAME = "$(TARGET_NAME)";
				SWIFT_VERSION = 4.0;
				TARGETED_DEVICE_FAMILY = "1,2";
				TEST_HOST = "$(BUILT_PRODUCTS_DIR)/WeatherApp.app/WeatherApp";
			};
			name = Debug;
		};
		002A822C20CAB58400465308 /* Release */ = {
			isa = XCBuildConfiguration;
			baseConfigurationReference = BBEBD99BB0F261D2A18D827D /* Pods-WeatherAppTests.release.xcconfig */;
			buildSettings = {
				ALWAYS_EMBED_SWIFT_STANDARD_LIBRARIES = YES;
				BUNDLE_LOADER = "$(TEST_HOST)";
				CODE_SIGN_STYLE = Automatic;
				DEVELOPMENT_TEAM = CUH5EB8LAQ;
				INFOPLIST_FILE = WeatherAppTests/Info.plist;
				LD_RUNPATH_SEARCH_PATHS = (
					"$(inherited)",
					"@executable_path/Frameworks",
					"@loader_path/Frameworks",
				);
				PRODUCT_BUNDLE_IDENTIFIER = "com.Sandpiper-Software.WeatherAppTests";
				PRODUCT_NAME = "$(TARGET_NAME)";
				SWIFT_VERSION = 4.0;
				TARGETED_DEVICE_FAMILY = "1,2";
				TEST_HOST = "$(BUILT_PRODUCTS_DIR)/WeatherApp.app/WeatherApp";
			};
			name = Release;
		};
		002A822E20CAB58400465308 /* Debug */ = {
			isa = XCBuildConfiguration;
			baseConfigurationReference = 53F86FD12B486AEA877F111B /* Pods-WeatherAppUITests.debug.xcconfig */;
			buildSettings = {
				ALWAYS_EMBED_SWIFT_STANDARD_LIBRARIES = YES;
				CODE_SIGN_STYLE = Automatic;
				DEVELOPMENT_TEAM = CUH5EB8LAQ;
				INFOPLIST_FILE = WeatherAppUITests/Info.plist;
				LD_RUNPATH_SEARCH_PATHS = (
					"$(inherited)",
					"@executable_path/Frameworks",
					"@loader_path/Frameworks",
				);
				PRODUCT_BUNDLE_IDENTIFIER = "com.Sandpiper-Software.WeatherAppUITests";
				PRODUCT_NAME = "$(TARGET_NAME)";
				SWIFT_VERSION = 4.0;
				TARGETED_DEVICE_FAMILY = "1,2";
				TEST_TARGET_NAME = WeatherApp;
			};
			name = Debug;
		};
		002A822F20CAB58400465308 /* Release */ = {
			isa = XCBuildConfiguration;
			baseConfigurationReference = 3FB5E42D7DFB3A6CC9DE0B80 /* Pods-WeatherAppUITests.release.xcconfig */;
			buildSettings = {
				ALWAYS_EMBED_SWIFT_STANDARD_LIBRARIES = YES;
				CODE_SIGN_STYLE = Automatic;
				DEVELOPMENT_TEAM = CUH5EB8LAQ;
				INFOPLIST_FILE = WeatherAppUITests/Info.plist;
				LD_RUNPATH_SEARCH_PATHS = (
					"$(inherited)",
					"@executable_path/Frameworks",
					"@loader_path/Frameworks",
				);
				PRODUCT_BUNDLE_IDENTIFIER = "com.Sandpiper-Software.WeatherAppUITests";
				PRODUCT_NAME = "$(TARGET_NAME)";
				SWIFT_VERSION = 4.0;
				TARGETED_DEVICE_FAMILY = "1,2";
				TEST_TARGET_NAME = WeatherApp;
			};
			name = Release;
		};
/* End XCBuildConfiguration section */

/* Begin XCConfigurationList section */
		002A81FA20CAB58200465308 /* Build configuration list for PBXProject "WeatherApp" */ = {
			isa = XCConfigurationList;
			buildConfigurations = (
				002A822520CAB58400465308 /* Debug */,
				002A822620CAB58400465308 /* Release */,
			);
			defaultConfigurationIsVisible = 0;
			defaultConfigurationName = Release;
		};
		002A822720CAB58400465308 /* Build configuration list for PBXNativeTarget "WeatherApp" */ = {
			isa = XCConfigurationList;
			buildConfigurations = (
				002A822820CAB58400465308 /* Debug */,
				002A822920CAB58400465308 /* Release */,
			);
			defaultConfigurationIsVisible = 0;
			defaultConfigurationName = Release;
		};
		002A822A20CAB58400465308 /* Build configuration list for PBXNativeTarget "WeatherAppTests" */ = {
			isa = XCConfigurationList;
			buildConfigurations = (
				002A822B20CAB58400465308 /* Debug */,
				002A822C20CAB58400465308 /* Release */,
			);
			defaultConfigurationIsVisible = 0;
			defaultConfigurationName = Release;
		};
		002A822D20CAB58400465308 /* Build configuration list for PBXNativeTarget "WeatherAppUITests" */ = {
			isa = XCConfigurationList;
			buildConfigurations = (
				002A822E20CAB58400465308 /* Debug */,
				002A822F20CAB58400465308 /* Release */,
			);
			defaultConfigurationIsVisible = 0;
			defaultConfigurationName = Release;
		};
/* End XCConfigurationList section */
	};
	rootObject = 002A81F720CAB58200465308 /* Project object */;
}
